
Microsoft Visual Studio Solution File, Format Version 12.00
# Visual Studio Version 17
VisualStudioVersion = 17.11.35222.181
MinimumVisualStudioVersion = 10.0.40219.1
Project("{F184B08F-C81C-45F6-A57F-5ABD9991F28F}") = "Easy-Med V13", "Easy-Med V13.vbproj", "{AC6E7E5B-89E6-410B-9986-A7D7E93A6BED}"
EndProject
Global
	GlobalSection(SolutionConfigurationPlatforms) = preSolution
		Debug|Any CPU = Debug|Any CPU
		Release|Any CPU = Release|Any CPU
	EndGlobalSection
	GlobalSection(ProjectConfigurationPlatforms) = postSolution
		{AC6E7E5B-89E6-410B-9986-A7D7E93A6BED}.Debug|Any CPU.ActiveCfg = Debug|Any CPU
		{AC6E7E5B-89E6-410B-9986-A7D7E93A6BED}.Debug|Any CPU.Build.0 = Debug|Any CPU
		{AC6E7E5B-89E6-410B-9986-A7D7E93A6BED}.Release|Any CPU.ActiveCfg = Release|Any CPU
		{AC6E7E5B-89E6-410B-9986-A7D7E93A6BED}.Release|Any CPU.Build.0 = Release|Any CPU
	EndGlobalSection
	GlobalSection(SolutionProperties) = preSolution
		HideSolutionNode = FALSE
	EndGlobalSection
	GlobalSection(ExtensibilityGlobals) = postSolution
		SolutionGuid = {E7D69174-7DA9-4490-B390-A49142CDA8AC}
	EndGlobalSection
EndGlobal
